
Microsoft Visual Studio Solution File, Format Version 12.00
# Visual Studio 15
VisualStudioVersion = 15.0.28307.1000
MinimumVisualStudioVersion = 10.0.40219.1
Project("{FAE04EC0-301F-11D3-BF4B-00C04F79EFBC}") = "MayorDeEdad", "MayorDeEdad\MayorDeEdad.csproj", "{83A02ED4-4E7A-4C76-844E-962780D4BFE7}"
EndProject
Global
	GlobalSection(SolutionConfigurationPlatforms) = preSolution
		Debug|Any CPU = Debug|Any CPU
		Release|Any CPU = Release|Any CPU
	EndGlobalSection
	GlobalSection(ProjectConfigurationPlatforms) = postSolution
		{83A02ED4-4E7A-4C76-844E-962780D4BFE7}.Debug|Any CPU.ActiveCfg = Debug|Any CPU
		{83A02ED4-4E7A-4C76-844E-962780D4BFE7}.Debug|Any CPU.Build.0 = Debug|Any CPU
		{83A02ED4-4E7A-4C76-844E-962780D4BFE7}.Release|Any CPU.ActiveCfg = Release|Any CPU
		{83A02ED4-4E7A-4C76-844E-962780D4BFE7}.Release|Any CPU.Build.0 = Release|Any CPU
	EndGlobalSection
	GlobalSection(SolutionProperties) = preSolution
		HideSolutionNode = FALSE
	EndGlobalSection
	GlobalSection(ExtensibilityGlobals) = postSolution
		SolutionGuid = {12403766-FDE8-43FC-8E8C-685D3A3D8731}
	EndGlobalSection
EndGlobal
