
Microsoft Visual Studio Solution File, Format Version 12.00
# Visual Studio 15
VisualStudioVersion = 15.0.28307.1000
MinimumVisualStudioVersion = 10.0.40219.1
Project("{FAE04EC0-301F-11D3-BF4B-00C04F79EFBC}") = "Embotelladora", "Embotelladora\Embotelladora.csproj", "{11F1E8AD-2F6E-47DE-B65B-2C92928A226E}"
EndProject
Global
	GlobalSection(SolutionConfigurationPlatforms) = preSolution
		Debug|Any CPU = Debug|Any CPU
		Release|Any CPU = Release|Any CPU
	EndGlobalSection
	GlobalSection(ProjectConfigurationPlatforms) = postSolution
		{11F1E8AD-2F6E-47DE-B65B-2C92928A226E}.Debug|Any CPU.ActiveCfg = Debug|Any CPU
		{11F1E8AD-2F6E-47DE-B65B-2C92928A226E}.Debug|Any CPU.Build.0 = Debug|Any CPU
		{11F1E8AD-2F6E-47DE-B65B-2C92928A226E}.Release|Any CPU.ActiveCfg = Release|Any CPU
		{11F1E8AD-2F6E-47DE-B65B-2C92928A226E}.Release|Any CPU.Build.0 = Release|Any CPU
	EndGlobalSection
	GlobalSection(SolutionProperties) = preSolution
		HideSolutionNode = FALSE
	EndGlobalSection
	GlobalSection(ExtensibilityGlobals) = postSolution
		SolutionGuid = {09BD4F97-9D9D-49BF-B8B0-25831B62E33F}
	EndGlobalSection
EndGlobal
